
Microsoft Visual Studio Solution File, Format Version 12.00
# Visual Studio 14
VisualStudioVersion = 14.0.24720.0
MinimumVisualStudioVersion = 10.0.40219.1
Project("{8BC9CEB8-8B4A-11D0-8D11-00A0C91BC942}") = "msiyb", "src\src.vcxproj", "{534F6B92-FFEC-4F31-9F93-FF2C4695345E}"
EndProject
Project("{8BC9CEB8-8B4A-11D0-8D11-00A0C91BC942}") = "tests", "tests\tests.vcxproj", "{8D38DF12-6F52-4B7D-9109-DD9F1198BE46}"
EndProject
Global
	GlobalSection(SolutionConfigurationPlatforms) = preSolution
		Debug|x64 = Debug|x64
		Debug|x86 = Debug|x86
		Release|x64 = Release|x64
		Release|x86 = Release|x86
	EndGlobalSection
	GlobalSection(ProjectConfigurationPlatforms) = postSolution
		{534F6B92-FFEC-4F31-9F93-FF2C4695345E}.Debug|x64.ActiveCfg = Debug|x64
		{534F6B92-FFEC-4F31-9F93-FF2C4695345E}.Debug|x64.Build.0 = Debug|x64
		{534F6B92-FFEC-4F31-9F93-FF2C4695345E}.Debug|x86.ActiveCfg = Debug|Win32
		{534F6B92-FFEC-4F31-9F93-FF2C4695345E}.Debug|x86.Build.0 = Debug|Win32
		{534F6B92-FFEC-4F31-9F93-FF2C4695345E}.Release|x64.ActiveCfg = Release|x64
		{534F6B92-FFEC-4F31-9F93-FF2C4695345E}.Release|x64.Build.0 = Release|x64
		{534F6B92-FFEC-4F31-9F93-FF2C4695345E}.Release|x86.ActiveCfg = Release|Win32
		{534F6B92-FFEC-4F31-9F93-FF2C4695345E}.Release|x86.Build.0 = Release|Win32
		{8D38DF12-6F52-4B7D-9109-DD9F1198BE46}.Debug|x64.ActiveCfg = Debug|x64
		{8D38DF12-6F52-4B7D-9109-DD9F1198BE46}.Debug|x64.Build.0 = Debug|x64
		{8D38DF12-6F52-4B7D-9109-DD9F1198BE46}.Debug|x86.ActiveCfg = Debug|Win32
		{8D38DF12-6F52-4B7D-9109-DD9F1198BE46}.Debug|x86.Build.0 = Debug|Win32
		{8D38DF12-6F52-4B7D-9109-DD9F1198BE46}.Release|x64.ActiveCfg = Release|x64
		{8D38DF12-6F52-4B7D-9109-DD9F1198BE46}.Release|x64.Build.0 = Release|x64
		{8D38DF12-6F52-4B7D-9109-DD9F1198BE46}.Release|x86.ActiveCfg = Release|Win32
		{8D38DF12-6F52-4B7D-9109-DD9F1198BE46}.Release|x86.Build.0 = Release|Win32
	EndGlobalSection
	GlobalSection(SolutionProperties) = preSolution
		HideSolutionNode = FALSE
	EndGlobalSection
EndGlobal
