<?xml version="1.0" encoding="utf-8"?>
<Project ToolsVersion="4.0" xmlns="http://schemas.microsoft.com/developer/msbuild/2003">
  <ItemGroup>
    <Filter Include="Файлы исходного кода">
      <UniqueIdentifier>{4FC737F1-C7A5-4376-A066-2A32D752A2FF}</UniqueIdentifier>
      <Extensions>cpp;c;cc;cxx;def;odl;idl;hpj;bat;asm;asmx</Extensions>
    </Filter>
    <Filter Include="Заголовочные файлы">
      <UniqueIdentifier>{93995380-89BD-4b04-88EB-625FBE52EBFB}</UniqueIdentifier>
      <Extensions>h;hh;hpp;hxx;hm;inl;inc;xsd</Extensions>
    </Filter>
    <Filter Include="Файлы ресурсов">
      <UniqueIdentifier>{67DA6AB6-F800-4c08-8B7A-83BB121AAD01}</UniqueIdentifier>
      <Extensions>rc;ico;cur;bmp;dlg;rc2;rct;bin;rgs;gif;jpg;jpeg;jpe;resx;tiff;tif;png;wav;mfcribbon-ms</Extensions>
    </Filter>
    <Filter Include="Заголовочные файлы\net">
      <UniqueIdentifier>{c1c452cb-75ea-4bf9-90ef-a73756508856}</UniqueIdentifier>
    </Filter>
    <Filter Include="Заголовочные файлы\tools">
      <UniqueIdentifier>{5872fb1d-9f1b-44ac-920f-65bf1184423d}</UniqueIdentifier>
    </Filter>
    <Filter Include="Заголовочные файлы\cross">
      <UniqueIdentifier>{b01de495-61b1-4f6d-8d1d-71fd7fe6f168}</UniqueIdentifier>
    </Filter>
    <Filter Include="Заголовочные файлы\cross\windows">
      <UniqueIdentifier>{2811d904-5d6f-4a86-9cdf-083f457f9622}</UniqueIdentifier>
    </Filter>
    <Filter Include="Заголовочные файлы\cross\unix">
      <UniqueIdentifier>{13ee331e-7fbc-4680-bbe6-d0b46f4032b7}</UniqueIdentifier>
    </Filter>
    <Filter Include="Заголовочные файлы\common">
      <UniqueIdentifier>{85bd9b05-eb1e-4a8e-b151-821f769293bb}</UniqueIdentifier>
    </Filter>
    <Filter Include="Заголовочные файлы\tools\exceptions">
      <UniqueIdentifier>{b9e3de45-e213-4cb9-84ad-50b9e4aa7919}</UniqueIdentifier>
    </Filter>
  </ItemGroup>
  <ItemGroup>
    <ClCompile Include="src\main.cpp">
      <Filter>Файлы исходного кода</Filter>
    </ClCompile>
    <ClCompile Include="src\server.cpp">
      <Filter>Файлы исходного кода</Filter>
    </ClCompile>
    <ClCompile Include="src\stdafx.cpp">
      <Filter>Файлы исходного кода</Filter>
    </ClCompile>
    <ClCompile Include="src\common\file.cpp">
      <Filter>Файлы исходного кода</Filter>
    </ClCompile>
    <ClCompile Include="src\common\dir.cpp">
      <Filter>Файлы исходного кода</Filter>
    </ClCompile>
    <ClCompile Include="src\cross\windows\winthread.cpp">
      <Filter>Файлы исходного кода</Filter>
    </ClCompile>
    <ClCompile Include="src\common\thread.cpp">
      <Filter>Файлы исходного кода</Filter>
    </ClCompile>
    <ClCompile Include="src\common\stringmethods.cpp">
      <Filter>Заголовочные файлы\common</Filter>
    </ClCompile>
    <ClCompile Include="src\cross\windows\winfile.cpp">
      <Filter>Файлы исходного кода</Filter>
    </ClCompile>
    <ClCompile Include="src\net\socket.cpp">
      <Filter>Заголовочные файлы\net</Filter>
    </ClCompile>
    <ClCompile Include="src\cross\unix\unixsocket.cpp">
      <Filter>Заголовочные файлы\cross\unix</Filter>
    </ClCompile>
    <ClCompile Include="src\cross\windows\winsocket.cpp">
      <Filter>Заголовочные файлы\cross\windows</Filter>
    </ClCompile>
  </ItemGroup>
  <ItemGroup>
    <ClInclude Include="src\main.h">
      <Filter>Заголовочные файлы</Filter>
    </ClInclude>
    <ClInclude Include="src\server.h">
      <Filter>Заголовочные файлы</Filter>
    </ClInclude>
    <ClInclude Include="src\net\socket.h">
      <Filter>Заголовочные файлы\net</Filter>
    </ClInclude>
    <ClInclude Include="src\tools\logger.h">
      <Filter>Заголовочные файлы\tools</Filter>
    </ClInclude>
    <ClInclude Include="src\cross\ifile.h">
      <Filter>Заголовочные файлы\cross</Filter>
    </ClInclude>
    <ClInclude Include="src\stdafx.h">
      <Filter>Заголовочные файлы</Filter>
    </ClInclude>
    <ClInclude Include="src\common\file.h">
      <Filter>Заголовочные файлы\common</Filter>
    </ClInclude>
    <ClInclude Include="src\common\dir.h">
      <Filter>Заголовочные файлы\common</Filter>
    </ClInclude>
    <ClInclude Include="src\cross\windows\windir.h">
      <Filter>Заголовочные файлы\cross\windows</Filter>
    </ClInclude>
    <ClInclude Include="src\cross\idir.h">
      <Filter>Заголовочные файлы\cross</Filter>
    </ClInclude>
    <ClInclude Include="src\common\thread.h">
      <Filter>Заголовочные файлы\common</Filter>
    </ClInclude>
    <ClInclude Include="src\cross\windows\winthread.h">
      <Filter>Заголовочные файлы\cross\windows</Filter>
    </ClInclude>
    <ClInclude Include="src\cross\windows\winfile.h">
      <Filter>Заголовочные файлы\cross\windows</Filter>
    </ClInclude>
    <ClInclude Include="src\tools\exceptions\fileexception.h">
      <Filter>Заголовочные файлы\tools\exceptions</Filter>
    </ClInclude>
    <ClInclude Include="src\tools\exception.h">
      <Filter>Заголовочные файлы\tools</Filter>
    </ClInclude>
    <ClInclude Include="src\tools\exceptions\thredexception.h">
      <Filter>Заголовочные файлы\tools\exceptions</Filter>
    </ClInclude>
    <ClInclude Include="src\common\stringmethods.h">
      <Filter>Заголовочные файлы\common</Filter>
    </ClInclude>
    <ClInclude Include="src\cross\ithread.h">
      <Filter>Заголовочные файлы\cross</Filter>
    </ClInclude>
    <ClInclude Include="src\cross\windows\winsocket.h">
      <Filter>Заголовочные файлы\cross\windows</Filter>
    </ClInclude>
    <ClInclude Include="src\tools\exceptions\socketexception.h">
      <Filter>Заголовочные файлы\tools\exceptions</Filter>
    </ClInclude>
    <ClInclude Include="src\cross\unix\unixfile.h">
      <Filter>Заголовочные файлы\cross\unix</Filter>
    </ClInclude>
    <ClInclude Include="src\cross\unix\unixsocket.h">
      <Filter>Заголовочные файлы\cross\unix</Filter>
    </ClInclude>
    <ClInclude Include="src\cross\isocket.h">
      <Filter>Заголовочные файлы\cross</Filter>
    </ClInclude>
  </ItemGroup>
</Project>